
Microsoft Visual Studio Solution File, Format Version 12.00
# Visual Studio Version 17
VisualStudioVersion = 17.7.34018.315
MinimumVisualStudioVersion = 10.0.40219.1
Project("{9A19103F-16F7-4668-BE54-9A1E7A4F7556}") = "cs_test", "cs_test.csproj", "{7D27D7DE-962B-4885-989D-30084511A730}"
EndProject
Project("{9A19103F-16F7-4668-BE54-9A1E7A4F7556}") = "KeraLuaEx", "..\..\KeraLuaEx\KeraLuaEx.csproj", "{A2FA42A7-56A8-4936-AB4C-2F294A7E9890}"
EndProject
Global
	GlobalSection(SolutionConfigurationPlatforms) = preSolution
		Debug|Any CPU = Debug|Any CPU
		Release|Any CPU = Release|Any CPU
	EndGlobalSection
	GlobalSection(ProjectConfigurationPlatforms) = postSolution
		{7D27D7DE-962B-4885-989D-30084511A730}.Debug|Any CPU.ActiveCfg = Debug|Any CPU
		{7D27D7DE-962B-4885-989D-30084511A730}.Debug|Any CPU.Build.0 = Debug|Any CPU
		{7D27D7DE-962B-4885-989D-30084511A730}.Release|Any CPU.ActiveCfg = Release|Any CPU
		{7D27D7DE-962B-4885-989D-30084511A730}.Release|Any CPU.Build.0 = Release|Any CPU
		{A2FA42A7-56A8-4936-AB4C-2F294A7E9890}.Debug|Any CPU.ActiveCfg = Debug|Any CPU
		{A2FA42A7-56A8-4936-AB4C-2F294A7E9890}.Debug|Any CPU.Build.0 = Debug|Any CPU
		{A2FA42A7-56A8-4936-AB4C-2F294A7E9890}.Release|Any CPU.ActiveCfg = Release|Any CPU
		{A2FA42A7-56A8-4936-AB4C-2F294A7E9890}.Release|Any CPU.Build.0 = Release|Any CPU
	EndGlobalSection
	GlobalSection(SolutionProperties) = preSolution
		HideSolutionNode = FALSE
	EndGlobalSection
	GlobalSection(ExtensibilityGlobals) = postSolution
		SolutionGuid = {D545F37D-4B1F-49E9-B70E-C1C5B7712BEE}
	EndGlobalSection
EndGlobal
